
Microsoft Visual Studio Solution File, Format Version 12.00
# Visual Studio Version 17
VisualStudioVersion = 17.0.32112.339
MinimumVisualStudioVersion = 10.0.40219.1
Project("{FAE04EC0-301F-11D3-BF4B-00C04F79EFBC}") = "etiquetasdepreco", "etiquetasdepreco\etiquetasdepreco.csproj", "{CE39989B-D220-4A65-A11B-738B40F3B4EF}"
EndProject
Global
	GlobalSection(SolutionConfigurationPlatforms) = preSolution
		Debug|Any CPU = Debug|Any CPU
		Release|Any CPU = Release|Any CPU
	EndGlobalSection
	GlobalSection(ProjectConfigurationPlatforms) = postSolution
		{CE39989B-D220-4A65-A11B-738B40F3B4EF}.Debug|Any CPU.ActiveCfg = Debug|Any CPU
		{CE39989B-D220-4A65-A11B-738B40F3B4EF}.Debug|Any CPU.Build.0 = Debug|Any CPU
		{CE39989B-D220-4A65-A11B-738B40F3B4EF}.Release|Any CPU.ActiveCfg = Release|Any CPU
		{CE39989B-D220-4A65-A11B-738B40F3B4EF}.Release|Any CPU.Build.0 = Release|Any CPU
	EndGlobalSection
	GlobalSection(SolutionProperties) = preSolution
		HideSolutionNode = FALSE
	EndGlobalSection
	GlobalSection(ExtensibilityGlobals) = postSolution
		SolutionGuid = {0FF38C7F-6440-4799-8411-BE46B9ADAD87}
	EndGlobalSection
EndGlobal
